
Microsoft Visual Studio Solution File, Format Version 12.00
# Visual Studio 15
VisualStudioVersion = 15.0.26403.7
MinimumVisualStudioVersion = 10.0.40219.1
Project("{FAE04EC0-301F-11D3-BF4B-00C04F79EFBC}") = "ConsoleApplicationBase", "ConsoleApplicationBase\ConsoleApplicationBase.csproj", "{D21CC334-9E7D-4A29-B6F9-5120351EC703}"
EndProject
Project("{FAE04EC0-301F-11D3-BF4B-00C04F79EFBC}") = "TestLib", "TestLib\TestLib.csproj", "{2304B2F5-905D-46CD-9BC1-F10973FBEDC4}"
EndProject
Global
	GlobalSection(SolutionConfigurationPlatforms) = preSolution
		Debug|Any CPU = Debug|Any CPU
		Release|Any CPU = Release|Any CPU
	EndGlobalSection
	GlobalSection(ProjectConfigurationPlatforms) = postSolution
		{D21CC334-9E7D-4A29-B6F9-5120351EC703}.Debug|Any CPU.ActiveCfg = Debug|Any CPU
		{D21CC334-9E7D-4A29-B6F9-5120351EC703}.Debug|Any CPU.Build.0 = Debug|Any CPU
		{D21CC334-9E7D-4A29-B6F9-5120351EC703}.Release|Any CPU.ActiveCfg = Release|Any CPU
		{D21CC334-9E7D-4A29-B6F9-5120351EC703}.Release|Any CPU.Build.0 = Release|Any CPU
		{2304B2F5-905D-46CD-9BC1-F10973FBEDC4}.Debug|Any CPU.ActiveCfg = Debug|Any CPU
		{2304B2F5-905D-46CD-9BC1-F10973FBEDC4}.Debug|Any CPU.Build.0 = Debug|Any CPU
		{2304B2F5-905D-46CD-9BC1-F10973FBEDC4}.Release|Any CPU.ActiveCfg = Release|Any CPU
		{2304B2F5-905D-46CD-9BC1-F10973FBEDC4}.Release|Any CPU.Build.0 = Release|Any CPU
	EndGlobalSection
	GlobalSection(SolutionProperties) = preSolution
		HideSolutionNode = FALSE
	EndGlobalSection
EndGlobal
